
Microsoft Visual Studio Solution File, Format Version 12.00
# Visual Studio 15
VisualStudioVersion = 15.0.26403.3
MinimumVisualStudioVersion = 10.0.40219.1
Project("{FAE04EC0-301F-11D3-BF4B-00C04F79EFBC}") = "Conduit", "src\Conduit\Conduit.csproj", "{BFC1306F-9EBF-414C-8656-C50E3E5AFADA}"
EndProject
Project("{2150E333-8FDC-42A3-9474-1A3956D46DE8}") = "src", "src", "{7C288D93-2148-4679-9890-DBFCA0C59BCC}"
EndProject
Project("{2150E333-8FDC-42A3-9474-1A3956D46DE8}") = "tests", "tests", "{9F832627-4D82-4B5B-84A7-244E8480845E}"
EndProject
Project("{FAE04EC0-301F-11D3-BF4B-00C04F79EFBC}") = "Conduit.IntegrationTests", "tests\Conduit.IntegrationTests\Conduit.IntegrationTests.csproj", "{CFFDDBF0-5CDD-4D88-A82B-68CBF2432999}"
EndProject
Project("{FAE04EC0-301F-11D3-BF4B-00C04F79EFBC}") = "build", "build\build.csproj", "{1A67215E-3B6F-4FDA-AB9B-D2ECDC676A29}"
EndProject
Project("{2150E333-8FDC-42A3-9474-1A3956D46DE8}") = "config", "config", "{E0DF0CFA-3DF6-4E15-A3ED-ED68DBB4BE4E}"
	ProjectSection(SolutionItems) = preProject
		Directory.Packages.props = Directory.Packages.props
		Directory.Build.props = Directory.Build.props
		global.json = global.json
		.editorconfig = .editorconfig
		docker-compose.yml = docker-compose.yml
		Dockerfile = Dockerfile
		NuGet.config = NuGet.config
		.github\workflows\dotnetcore.yml = .github\workflows\dotnetcore.yml
		.dockerignore = .dockerignore
		.gitignore = .gitignore
		.rules4rc = .rules4rc
	EndProjectSection
EndProject
Project("{2150E333-8FDC-42A3-9474-1A3956D46DE8}") = "build", "build", "{79EC8D73-8DAD-430E-93CE-C1F29DBC33FA}"
EndProject
Project("{FAE04EC0-301F-11D3-BF4B-00C04F79EFBC}") = "NotificationService", "src\NotificationService\NotificationService.csproj", "{21E6A332-33E8-4DE6-B682-51C6A8DAA22E}"
EndProject
Global
	GlobalSection(SolutionConfigurationPlatforms) = preSolution
		Debug|Any CPU = Debug|Any CPU
		Debug|x64 = Debug|x64
		Debug|x86 = Debug|x86
		Release|Any CPU = Release|Any CPU
		Release|x64 = Release|x64
		Release|x86 = Release|x86
	EndGlobalSection
	GlobalSection(ProjectConfigurationPlatforms) = postSolution
		{BFC1306F-9EBF-414C-8656-C50E3E5AFADA}.Debug|Any CPU.ActiveCfg = Debug|Any CPU
		{BFC1306F-9EBF-414C-8656-C50E3E5AFADA}.Debug|Any CPU.Build.0 = Debug|Any CPU
		{BFC1306F-9EBF-414C-8656-C50E3E5AFADA}.Debug|x64.ActiveCfg = Debug|Any CPU
		{BFC1306F-9EBF-414C-8656-C50E3E5AFADA}.Debug|x64.Build.0 = Debug|Any CPU
		{BFC1306F-9EBF-414C-8656-C50E3E5AFADA}.Debug|x86.ActiveCfg = Debug|Any CPU
		{BFC1306F-9EBF-414C-8656-C50E3E5AFADA}.Debug|x86.Build.0 = Debug|Any CPU
		{BFC1306F-9EBF-414C-8656-C50E3E5AFADA}.Release|Any CPU.ActiveCfg = Release|Any CPU
		{BFC1306F-9EBF-414C-8656-C50E3E5AFADA}.Release|Any CPU.Build.0 = Release|Any CPU
		{BFC1306F-9EBF-414C-8656-C50E3E5AFADA}.Release|x64.ActiveCfg = Release|Any CPU
		{BFC1306F-9EBF-414C-8656-C50E3E5AFADA}.Release|x64.Build.0 = Release|Any CPU
		{BFC1306F-9EBF-414C-8656-C50E3E5AFADA}.Release|x86.ActiveCfg = Release|Any CPU
		{BFC1306F-9EBF-414C-8656-C50E3E5AFADA}.Release|x86.Build.0 = Release|Any CPU
		{CFFDDBF0-5CDD-4D88-A82B-68CBF2432999}.Debug|Any CPU.ActiveCfg = Debug|Any CPU
		{CFFDDBF0-5CDD-4D88-A82B-68CBF2432999}.Debug|Any CPU.Build.0 = Debug|Any CPU
		{CFFDDBF0-5CDD-4D88-A82B-68CBF2432999}.Debug|x64.ActiveCfg = Debug|Any CPU
		{CFFDDBF0-5CDD-4D88-A82B-68CBF2432999}.Debug|x64.Build.0 = Debug|Any CPU
		{CFFDDBF0-5CDD-4D88-A82B-68CBF2432999}.Debug|x86.ActiveCfg = Debug|Any CPU
		{CFFDDBF0-5CDD-4D88-A82B-68CBF2432999}.Debug|x86.Build.0 = Debug|Any CPU
		{CFFDDBF0-5CDD-4D88-A82B-68CBF2432999}.Release|Any CPU.ActiveCfg = Release|Any CPU
		{CFFDDBF0-5CDD-4D88-A82B-68CBF2432999}.Release|Any CPU.Build.0 = Release|Any CPU
		{CFFDDBF0-5CDD-4D88-A82B-68CBF2432999}.Release|x64.ActiveCfg = Release|Any CPU
		{CFFDDBF0-5CDD-4D88-A82B-68CBF2432999}.Release|x64.Build.0 = Release|Any CPU
		{CFFDDBF0-5CDD-4D88-A82B-68CBF2432999}.Release|x86.ActiveCfg = Release|Any CPU
		{CFFDDBF0-5CDD-4D88-A82B-68CBF2432999}.Release|x86.Build.0 = Release|Any CPU
		{1A67215E-3B6F-4FDA-AB9B-D2ECDC676A29}.Debug|Any CPU.ActiveCfg = Debug|Any CPU
		{1A67215E-3B6F-4FDA-AB9B-D2ECDC676A29}.Debug|Any CPU.Build.0 = Debug|Any CPU
		{1A67215E-3B6F-4FDA-AB9B-D2ECDC676A29}.Debug|x64.ActiveCfg = Debug|Any CPU
		{1A67215E-3B6F-4FDA-AB9B-D2ECDC676A29}.Debug|x64.Build.0 = Debug|Any CPU
		{1A67215E-3B6F-4FDA-AB9B-D2ECDC676A29}.Debug|x86.ActiveCfg = Debug|Any CPU
		{1A67215E-3B6F-4FDA-AB9B-D2ECDC676A29}.Debug|x86.Build.0 = Debug|Any CPU
		{1A67215E-3B6F-4FDA-AB9B-D2ECDC676A29}.Release|Any CPU.ActiveCfg = Release|Any CPU
		{1A67215E-3B6F-4FDA-AB9B-D2ECDC676A29}.Release|Any CPU.Build.0 = Release|Any CPU
		{1A67215E-3B6F-4FDA-AB9B-D2ECDC676A29}.Release|x64.ActiveCfg = Release|Any CPU
		{1A67215E-3B6F-4FDA-AB9B-D2ECDC676A29}.Release|x64.Build.0 = Release|Any CPU
		{1A67215E-3B6F-4FDA-AB9B-D2ECDC676A29}.Release|x86.ActiveCfg = Release|Any CPU
		{1A67215E-3B6F-4FDA-AB9B-D2ECDC676A29}.Release|x86.Build.0 = Release|Any CPU
		{21E6A332-33E8-4DE6-B682-51C6A8DAA22E}.Debug|Any CPU.ActiveCfg = Debug|Any CPU
		{21E6A332-33E8-4DE6-B682-51C6A8DAA22E}.Debug|Any CPU.Build.0 = Debug|Any CPU
		{21E6A332-33E8-4DE6-B682-51C6A8DAA22E}.Debug|x64.ActiveCfg = Debug|Any CPU
		{21E6A332-33E8-4DE6-B682-51C6A8DAA22E}.Debug|x64.Build.0 = Debug|Any CPU
		{21E6A332-33E8-4DE6-B682-51C6A8DAA22E}.Debug|x86.ActiveCfg = Debug|Any CPU
		{21E6A332-33E8-4DE6-B682-51C6A8DAA22E}.Debug|x86.Build.0 = Debug|Any CPU
		{21E6A332-33E8-4DE6-B682-51C6A8DAA22E}.Release|Any CPU.ActiveCfg = Release|Any CPU
		{21E6A332-33E8-4DE6-B682-51C6A8DAA22E}.Release|Any CPU.Build.0 = Release|Any CPU
		{21E6A332-33E8-4DE6-B682-51C6A8DAA22E}.Release|x64.ActiveCfg = Release|Any CPU
		{21E6A332-33E8-4DE6-B682-51C6A8DAA22E}.Release|x64.Build.0 = Release|Any CPU
		{21E6A332-33E8-4DE6-B682-51C6A8DAA22E}.Release|x86.ActiveCfg = Release|Any CPU
		{21E6A332-33E8-4DE6-B682-51C6A8DAA22E}.Release|x86.Build.0 = Release|Any CPU
	EndGlobalSection
	GlobalSection(SolutionProperties) = preSolution
		HideSolutionNode = FALSE
	EndGlobalSection
	GlobalSection(NestedProjects) = preSolution
		{BFC1306F-9EBF-414C-8656-C50E3E5AFADA} = {7C288D93-2148-4679-9890-DBFCA0C59BCC}
		{CFFDDBF0-5CDD-4D88-A82B-68CBF2432999} = {9F832627-4D82-4B5B-84A7-244E8480845E}
		{1A67215E-3B6F-4FDA-AB9B-D2ECDC676A29} = {79EC8D73-8DAD-430E-93CE-C1F29DBC33FA}
		{21E6A332-33E8-4DE6-B682-51C6A8DAA22E} = {7C288D93-2148-4679-9890-DBFCA0C59BCC}
	EndGlobalSection
EndGlobal
